// !$*UTF8*$!
{
	archiveVersion = 1;
	classes = {
	};
	objectVersion = 56;
	objects = {

/* Begin PBXBuildFile section */
		8302BC9F2C66CF9F009ACD2E /* HourlyForecastCollectionViewCell.swift in Sources */ = {isa = PBXBuildFile; fileRef = 8302BC9E2C66CF9E009ACD2E /* HourlyForecastCollectionViewCell.swift */; };
		8302BCA12C66D621009ACD2E /* Color+Extensions.swift in Sources */ = {isa = PBXBuildFile; fileRef = 8302BCA02C66D621009ACD2E /* Color+Extensions.swift */; };
		8302BCA32C66E1B9009ACD2E /* DailyForecastTableViewCell.swift in Sources */ = {isa = PBXBuildFile; fileRef = 8302BCA22C66E1B9009ACD2E /* DailyForecastTableViewCell.swift */; };
		8302BCA52C66ED96009ACD2E /* UIView+Extensions.swift in Sources */ = {isa = PBXBuildFile; fileRef = 8302BCA42C66ED96009ACD2E /* UIView+Extensions.swift */; };
		834A84B92C6717CE00364E83 /* Service.swift in Sources */ = {isa = PBXBuildFile; fileRef = 834A84B82C6717CE00364E83 /* Service.swift */; };
		8398B1CE2C74155100ED30CC /* Core+Extensions.swift in Sources */ = {isa = PBXBuildFile; fileRef = 8398B1CD2C74155100ED30CC /* Core+Extensions.swift */; };
		83F0AD1C2C656682009F017A /* AppDelegate.swift in Sources */ = {isa = PBXBuildFile; fileRef = 83F0AD1B2C656682009F017A /* AppDelegate.swift */; };
		83F0AD1E2C656682009F017A /* SceneDelegate.swift in Sources */ = {isa = PBXBuildFile; fileRef = 83F0AD1D2C656682009F017A /* SceneDelegate.swift */; };
		83F0AD202C656682009F017A /* ViewController.swift in Sources */ = {isa = PBXBuildFile; fileRef = 83F0AD1F2C656682009F017A /* ViewController.swift */; };
		83F0AD252C65668A009F017A /* Assets.xcassets in Resources */ = {isa = PBXBuildFile; fileRef = 83F0AD242C65668A009F017A /* Assets.xcassets */; };
		83F0AD282C65668A009F017A /* Base in Resources */ = {isa = PBXBuildFile; fileRef = 83F0AD272C65668A009F017A /* Base */; };
		83F0AD332C65668B009F017A /* Weather_AppTests.swift in Sources */ = {isa = PBXBuildFile; fileRef = 83F0AD322C65668B009F017A /* Weather_AppTests.swift */; };
		83F0AD3D2C65668B009F017A /* Weather_AppUITests.swift in Sources */ = {isa = PBXBuildFile; fileRef = 83F0AD3C2C65668B009F017A /* Weather_AppUITests.swift */; };
		83F0AD3F2C65668B009F017A /* Weather_AppUITestsLaunchTests.swift in Sources */ = {isa = PBXBuildFile; fileRef = 83F0AD3E2C65668B009F017A /* Weather_AppUITestsLaunchTests.swift */; };
/* End PBXBuildFile section */

/* Begin PBXContainerItemProxy section */
		83F0AD2F2C65668B009F017A /* PBXContainerItemProxy */ = {
			isa = PBXContainerItemProxy;
			containerPortal = 83F0AD102C656682009F017A /* Project object */;
			proxyType = 1;
			remoteGlobalIDString = 83F0AD172C656682009F017A;
			remoteInfo = "Weather App";
		};
		83F0AD392C65668B009F017A /* PBXContainerItemProxy */ = {
			isa = PBXContainerItemProxy;
			containerPortal = 83F0AD102C656682009F017A /* Project object */;
			proxyType = 1;
			remoteGlobalIDString = 83F0AD172C656682009F017A;
			remoteInfo = "Weather App";
		};
/* End PBXContainerItemProxy section */

/* Begin PBXFileReference section */
		8302BC9E2C66CF9E009ACD2E /* HourlyForecastCollectionViewCell.swift */ = {isa = PBXFileReference; lastKnownFileType = sourcecode.swift; path = HourlyForecastCollectionViewCell.swift; sourceTree = "<group>"; };
		8302BCA02C66D621009ACD2E /* Color+Extensions.swift */ = {isa = PBXFileReference; lastKnownFileType = sourcecode.swift; path = "Color+Extensions.swift"; sourceTree = "<group>"; };
		8302BCA22C66E1B9009ACD2E /* DailyForecastTableViewCell.swift */ = {isa = PBXFileReference; lastKnownFileType = sourcecode.swift; path = DailyForecastTableViewCell.swift; sourceTree = "<group>"; };
		8302BCA42C66ED96009ACD2E /* UIView+Extensions.swift */ = {isa = PBXFileReference; lastKnownFileType = sourcecode.swift; path = "UIView+Extensions.swift"; sourceTree = "<group>"; };
		834A84B82C6717CE00364E83 /* Service.swift */ = {isa = PBXFileReference; lastKnownFileType = sourcecode.swift; path = Service.swift; sourceTree = "<group>"; };
		8398B1CD2C74155100ED30CC /* Core+Extensions.swift */ = {isa = PBXFileReference; lastKnownFileType = sourcecode.swift; path = "Core+Extensions.swift"; sourceTree = "<group>"; };
		83F0AD182C656682009F017A /* Weather App.app */ = {isa = PBXFileReference; explicitFileType = wrapper.application; includeInIndex = 0; path = "Weather App.app"; sourceTree = BUILT_PRODUCTS_DIR; };
		83F0AD1B2C656682009F017A /* AppDelegate.swift */ = {isa = PBXFileReference; lastKnownFileType = sourcecode.swift; path = AppDelegate.swift; sourceTree = "<group>"; };
		83F0AD1D2C656682009F017A /* SceneDelegate.swift */ = {isa = PBXFileReference; lastKnownFileType = sourcecode.swift; path = SceneDelegate.swift; sourceTree = "<group>"; };
		83F0AD1F2C656682009F017A /* ViewController.swift */ = {isa = PBXFileReference; lastKnownFileType = sourcecode.swift; path = ViewController.swift; sourceTree = "<group>"; };
		83F0AD242C65668A009F017A /* Assets.xcassets */ = {isa = PBXFileReference; lastKnownFileType = folder.assetcatalog; path = Assets.xcassets; sourceTree = "<group>"; };
		83F0AD272C65668A009F017A /* Base */ = {isa = PBXFileReference; lastKnownFileType = file.storyboard; name = Base; path = Base.lproj/LaunchScreen.storyboard; sourceTree = "<group>"; };
		83F0AD292C65668A009F017A /* Info.plist */ = {isa = PBXFileReference; lastKnownFileType = text.plist.xml; path = Info.plist; sourceTree = "<group>"; };
		83F0AD2E2C65668B009F017A /* Weather AppTests.xctest */ = {isa = PBXFileReference; explicitFileType = wrapper.cfbundle; includeInIndex = 0; path = "Weather AppTests.xctest"; sourceTree = BUILT_PRODUCTS_DIR; };
		83F0AD322C65668B009F017A /* Weather_AppTests.swift */ = {isa = PBXFileReference; lastKnownFileType = sourcecode.swift; path = Weather_AppTests.swift; sourceTree = "<group>"; };
		83F0AD382C65668B009F017A /* Weather AppUITests.xctest */ = {isa = PBXFileReference; explicitFileType = wrapper.cfbundle; includeInIndex = 0; path = "Weather AppUITests.xctest"; sourceTree = BUILT_PRODUCTS_DIR; };
		83F0AD3C2C65668B009F017A /* Weather_AppUITests.swift */ = {isa = PBXFileReference; lastKnownFileType = sourcecode.swift; path = Weather_AppUITests.swift; sourceTree = "<group>"; };
		83F0AD3E2C65668B009F017A /* Weather_AppUITestsLaunchTests.swift */ = {isa = PBXFileReference; lastKnownFileType = sourcecode.swift; path = Weather_AppUITestsLaunchTests.swift; sourceTree = "<group>"; };
/* End PBXFileReference section */

/* Begin PBXFrameworksBuildPhase section */
		83F0AD152C656682009F017A /* Frameworks */ = {
			isa = PBXFrameworksBuildPhase;
			buildActionMask = 2147483647;
			files = (
			);
			runOnlyForDeploymentPostprocessing = 0;
		};
		83F0AD2B2C65668B009F017A /* Frameworks */ = {
			isa = PBXFrameworksBuildPhase;
			buildActionMask = 2147483647;
			files = (
			);
			runOnlyForDeploymentPostprocessing = 0;
		};
		83F0AD352C65668B009F017A /* Frameworks */ = {
			isa = PBXFrameworksBuildPhase;
			buildActionMask = 2147483647;
			files = (
			);
			runOnlyForDeploymentPostprocessing = 0;
		};
/* End PBXFrameworksBuildPhase section */

/* Begin PBXGroup section */
		83F0AD0F2C656682009F017A = {
			isa = PBXGroup;
			children = (
				83F0AD1A2C656682009F017A /* Weather App */,
				83F0AD312C65668B009F017A /* Weather AppTests */,
				83F0AD3B2C65668B009F017A /* Weather AppUITests */,
				83F0AD192C656682009F017A /* Products */,
			);
			sourceTree = "<group>";
		};
		83F0AD192C656682009F017A /* Products */ = {
			isa = PBXGroup;
			children = (
				83F0AD182C656682009F017A /* Weather App.app */,
				83F0AD2E2C65668B009F017A /* Weather AppTests.xctest */,
				83F0AD382C65668B009F017A /* Weather AppUITests.xctest */,
			);
			name = Products;
			sourceTree = "<group>";
		};
		83F0AD1A2C656682009F017A /* Weather App */ = {
			isa = PBXGroup;
			children = (
				834A84B82C6717CE00364E83 /* Service.swift */,
				83F0AD1B2C656682009F017A /* AppDelegate.swift */,
				83F0AD1D2C656682009F017A /* SceneDelegate.swift */,
				83F0AD1F2C656682009F017A /* ViewController.swift */,
				8302BCA22C66E1B9009ACD2E /* DailyForecastTableViewCell.swift */,
				8302BCA42C66ED96009ACD2E /* UIView+Extensions.swift */,
				8302BC9E2C66CF9E009ACD2E /* HourlyForecastCollectionViewCell.swift */,
				8302BCA02C66D621009ACD2E /* Color+Extensions.swift */,
				83F0AD242C65668A009F017A /* Assets.xcassets */,
				83F0AD262C65668A009F017A /* LaunchScreen.storyboard */,
				83F0AD292C65668A009F017A /* Info.plist */,
				8398B1CD2C74155100ED30CC /* Core+Extensions.swift */,
			);
			path = "Weather App";
			sourceTree = "<group>";
		};
		83F0AD312C65668B009F017A /* Weather AppTests */ = {
			isa = PBXGroup;
			children = (
				83F0AD322C65668B009F017A /* Weather_AppTests.swift */,
			);
			path = "Weather AppTests";
			sourceTree = "<group>";
		};
		83F0AD3B2C65668B009F017A /* Weather AppUITests */ = {
			isa = PBXGroup;
			children = (
				83F0AD3C2C65668B009F017A /* Weather_AppUITests.swift */,
				83F0AD3E2C65668B009F017A /* Weather_AppUITestsLaunchTests.swift */,
			);
			path = "Weather AppUITests";
			sourceTree = "<group>";
		};
/* End PBXGroup section */

/* Begin PBXNativeTarget section */
		83F0AD172C656682009F017A /* Weather App */ = {
			isa = PBXNativeTarget;
			buildConfigurationList = 83F0AD422C65668B009F017A /* Build configuration list for PBXNativeTarget "Weather App" */;
			buildPhases = (
				83F0AD142C656682009F017A /* Sources */,
				83F0AD152C656682009F017A /* Frameworks */,
				83F0AD162C656682009F017A /* Resources */,
			);
			buildRules = (
			);
			dependencies = (
			);
			name = "Weather App";
			productName = "Weather App";
			productReference = 83F0AD182C656682009F017A /* Weather App.app */;
			productType = "com.apple.product-type.application";
		};
		83F0AD2D2C65668B009F017A /* Weather AppTests */ = {
			isa = PBXNativeTarget;
			buildConfigurationList = 83F0AD452C65668B009F017A /* Build configuration list for PBXNativeTarget "Weather AppTests" */;
			buildPhases = (
				83F0AD2A2C65668B009F017A /* Sources */,
				83F0AD2B2C65668B009F017A /* Frameworks */,
				83F0AD2C2C65668B009F017A /* Resources */,
			);
			buildRules = (
			);
			dependencies = (
				83F0AD302C65668B009F017A /* PBXTargetDependency */,
			);
			name = "Weather AppTests";
			productName = "Weather AppTests";
			productReference = 83F0AD2E2C65668B009F017A /* Weather AppTests.xctest */;
			productType = "com.apple.product-type.bundle.unit-test";
		};
		83F0AD372C65668B009F017A /* Weather AppUITests */ = {
			isa = PBXNativeTarget;
			buildConfigurationList = 83F0AD482C65668B009F017A /* Build configuration list for PBXNativeTarget "Weather AppUITests" */;
			buildPhases = (
				83F0AD342C65668B009F017A /* Sources */,
				83F0AD352C65668B009F017A /* Frameworks */,
				83F0AD362C65668B009F017A /* Resources */,
			);
			buildRules = (
			);
			dependencies = (
				83F0AD3A2C65668B009F017A /* PBXTargetDependency */,
			);
			name = "Weather AppUITests";
			productName = "Weather AppUITests";
			productReference = 83F0AD382C65668B009F017A /* Weather AppUITests.xctest */;
			productType = "com.apple.product-type.bundle.ui-testing";
		};
/* End PBXNativeTarget section */

/* Begin PBXProject section */
		83F0AD102C656682009F017A /* Project object */ = {
			isa = PBXProject;
			attributes = {
				BuildIndependentTargetsInParallel = 1;
				LastSwiftUpdateCheck = 1540;
				LastUpgradeCheck = 1540;
				TargetAttributes = {
					83F0AD172C656682009F017A = {
						CreatedOnToolsVersion = 15.4;
					};
					83F0AD2D2C65668B009F017A = {
						CreatedOnToolsVersion = 15.4;
						TestTargetID = 83F0AD172C656682009F017A;
					};
					83F0AD372C65668B009F017A = {
						CreatedOnToolsVersion = 15.4;
						TestTargetID = 83F0AD172C656682009F017A;
					};
				};
			};
			buildConfigurationList = 83F0AD132C656682009F017A /* Build configuration list for PBXProject "Weather App" */;
			compatibilityVersion = "Xcode 14.0";
			developmentRegion = en;
			hasScannedForEncodings = 0;
			knownRegions = (
				en,
				Base,
			);
			mainGroup = 83F0AD0F2C656682009F017A;
			productRefGroup = 83F0AD192C656682009F017A /* Products */;
			projectDirPath = "";
			projectRoot = "";
			targets = (
				83F0AD172C656682009F017A /* Weather App */,
				83F0AD2D2C65668B009F017A /* Weather AppTests */,
				83F0AD372C65668B009F017A /* Weather AppUITests */,
			);
		};
/* End PBXProject section */

/* Begin PBXResourcesBuildPhase section */
		83F0AD162C656682009F017A /* Resources */ = {
			isa = PBXResourcesBuildPhase;
			buildActionMask = 2147483647;
			files = (
				83F0AD252C65668A009F017A /* Assets.xcassets in Resources */,
				83F0AD282C65668A009F017A /* Base in Resources */,
			);
			runOnlyForDeploymentPostprocessing = 0;
		};
		83F0AD2C2C65668B009F017A /* Resources */ = {
			isa = PBXResourcesBuildPhase;
			buildActionMask = 2147483647;
			files = (
			);
			runOnlyForDeploymentPostprocessing = 0;
		};
		83F0AD362C65668B009F017A /* Resources */ = {
			isa = PBXResourcesBuildPhase;
			buildActionMask = 2147483647;
			files = (
			);
			runOnlyForDeploymentPostprocessing = 0;
		};
/* End PBXResourcesBuildPhase section */

/* Begin PBXSourcesBuildPhase section */
		83F0AD142C656682009F017A /* Sources */ = {
			isa = PBXSourcesBuildPhase;
			buildActionMask = 2147483647;
			files = (
				8302BCA52C66ED96009ACD2E /* UIView+Extensions.swift in Sources */,
				834A84B92C6717CE00364E83 /* Service.swift in Sources */,
				8302BCA12C66D621009ACD2E /* Color+Extensions.swift in Sources */,
				83F0AD202C656682009F017A /* ViewController.swift in Sources */,
				8398B1CE2C74155100ED30CC /* Core+Extensions.swift in Sources */,
				8302BCA32C66E1B9009ACD2E /* DailyForecastTableViewCell.swift in Sources */,
				83F0AD1C2C656682009F017A /* AppDelegate.swift in Sources */,
				8302BC9F2C66CF9F009ACD2E /* HourlyForecastCollectionViewCell.swift in Sources */,
				83F0AD1E2C656682009F017A /* SceneDelegate.swift in Sources */,
			);
			runOnlyForDeploymentPostprocessing = 0;
		};
		83F0AD2A2C65668B009F017A /* Sources */ = {
			isa = PBXSourcesBuildPhase;
			buildActionMask = 2147483647;
			files = (
				83F0AD332C65668B009F017A /* Weather_AppTests.swift in Sources */,
			);
			runOnlyForDeploymentPostprocessing = 0;
		};
		83F0AD342C65668B009F017A /* Sources */ = {
			isa = PBXSourcesBuildPhase;
			buildActionMask = 2147483647;
			files = (
				83F0AD3D2C65668B009F017A /* Weather_AppUITests.swift in Sources */,
				83F0AD3F2C65668B009F017A /* Weather_AppUITestsLaunchTests.swift in Sources */,
			);
			runOnlyForDeploymentPostprocessing = 0;
		};
/* End PBXSourcesBuildPhase section */

/* Begin PBXTargetDependency section */
		83F0AD302C65668B009F017A /* PBXTargetDependency */ = {
			isa = PBXTargetDependency;
			target = 83F0AD172C656682009F017A /* Weather App */;
			targetProxy = 83F0AD2F2C65668B009F017A /* PBXContainerItemProxy */;
		};
		83F0AD3A2C65668B009F017A /* PBXTargetDependency */ = {
			isa = PBXTargetDependency;
			target = 83F0AD172C656682009F017A /* Weather App */;
			targetProxy = 83F0AD392C65668B009F017A /* PBXContainerItemProxy */;
		};
/* End PBXTargetDependency section */

/* Begin PBXVariantGroup section */
		83F0AD262C65668A009F017A /* LaunchScreen.storyboard */ = {
			isa = PBXVariantGroup;
			children = (
				83F0AD272C65668A009F017A /* Base */,
			);
			name = LaunchScreen.storyboard;
			sourceTree = "<group>";
		};
/* End PBXVariantGroup section */

/* Begin XCBuildConfiguration section */
		83F0AD402C65668B009F017A /* Debug */ = {
			isa = XCBuildConfiguration;
			buildSettings = {
				ALWAYS_SEARCH_USER_PATHS = NO;
				ASSETCATALOG_COMPILER_GENERATE_SWIFT_ASSET_SYMBOL_EXTENSIONS = YES;
				CLANG_ANALYZER_NONNULL = YES;
				CLANG_ANALYZER_NUMBER_OBJECT_CONVERSION = YES_AGGRESSIVE;
				CLANG_CXX_LANGUAGE_STANDARD = "gnu++20";
				CLANG_ENABLE_MODULES = YES;
				CLANG_ENABLE_OBJC_ARC = YES;
				CLANG_ENABLE_OBJC_WEAK = YES;
				CLANG_WARN_BLOCK_CAPTURE_AUTORELEASING = YES;
				CLANG_WARN_BOOL_CONVERSION = YES;
				CLANG_WARN_COMMA = YES;
				CLANG_WARN_CONSTANT_CONVERSION = YES;
				CLANG_WARN_DEPRECATED_OBJC_IMPLEMENTATIONS = YES;
				CLANG_WARN_DIRECT_OBJC_ISA_USAGE = YES_ERROR;
				CLANG_WARN_DOCUMENTATION_COMMENTS = YES;
				CLANG_WARN_EMPTY_BODY = YES;
				CLANG_WARN_ENUM_CONVERSION = YES;
				CLANG_WARN_INFINITE_RECURSION = YES;
				CLANG_WARN_INT_CONVERSION = YES;
				CLANG_WARN_NON_LITERAL_NULL_CONVERSION = YES;
				CLANG_WARN_OBJC_IMPLICIT_RETAIN_SELF = YES;
				CLANG_WARN_OBJC_LITERAL_CONVERSION = YES;
				CLANG_WARN_OBJC_ROOT_CLASS = YES_ERROR;
				CLANG_WARN_QUOTED_INCLUDE_IN_FRAMEWORK_HEADER = YES;
				CLANG_WARN_RANGE_LOOP_ANALYSIS = YES;
				CLANG_WARN_STRICT_PROTOTYPES = YES;
				CLANG_WARN_SUSPICIOUS_MOVE = YES;
				CLANG_WARN_UNGUARDED_AVAILABILITY = YES_AGGRESSIVE;
				CLANG_WARN_UNREACHABLE_CODE = YES;
				CLANG_WARN__DUPLICATE_METHOD_MATCH = YES;
				COPY_PHASE_STRIP = NO;
				DEBUG_INFORMATION_FORMAT = dwarf;
				ENABLE_STRICT_OBJC_MSGSEND = YES;
				ENABLE_TESTABILITY = YES;
				ENABLE_USER_SCRIPT_SANDBOXING = YES;
				GCC_C_LANGUAGE_STANDARD = gnu17;
				GCC_DYNAMIC_NO_PIC = NO;
				GCC_NO_COMMON_BLOCKS = YES;
				GCC_OPTIMIZATION_LEVEL = 0;
				GCC_PREPROCESSOR_DEFINITIONS = (
					"DEBUG=1",
					"$(inherited)",
				);
				GCC_WARN_64_TO_32_BIT_CONVERSION = YES;
				GCC_WARN_ABOUT_RETURN_TYPE = YES_ERROR;
				GCC_WARN_UNDECLARED_SELECTOR = YES;
				GCC_WARN_UNINITIALIZED_AUTOS = YES_AGGRESSIVE;
				GCC_WARN_UNUSED_FUNCTION = YES;
				GCC_WARN_UNUSED_VARIABLE = YES;
				IPHONEOS_DEPLOYMENT_TARGET = 17.5;
				LOCALIZATION_PREFERS_STRING_CATALOGS = YES;
				MTL_ENABLE_DEBUG_INFO = INCLUDE_SOURCE;
				MTL_FAST_MATH = YES;
				ONLY_ACTIVE_ARCH = YES;
				SDKROOT = iphoneos;
				SWIFT_ACTIVE_COMPILATION_CONDITIONS = "DEBUG $(inherited)";
				SWIFT_OPTIMIZATION_LEVEL = "-Onone";
			};
			name = Debug;
		};
		83F0AD412C65668B009F017A /* Release */ = {
			isa = XCBuildConfiguration;
			buildSettings = {
				ALWAYS_SEARCH_USER_PATHS = NO;
				ASSETCATALOG_COMPILER_GENERATE_SWIFT_ASSET_SYMBOL_EXTENSIONS = YES;
				CLANG_ANALYZER_NONNULL = YES;
				CLANG_ANALYZER_NUMBER_OBJECT_CONVERSION = YES_AGGRESSIVE;
				CLANG_CXX_LANGUAGE_STANDARD = "gnu++20";
				CLANG_ENABLE_MODULES = YES;
				CLANG_ENABLE_OBJC_ARC = YES;
				CLANG_ENABLE_OBJC_WEAK = YES;
				CLANG_WARN_BLOCK_CAPTURE_AUTORELEASING = YES;
				CLANG_WARN_BOOL_CONVERSION = YES;
				CLANG_WARN_COMMA = YES;
				CLANG_WARN_CONSTANT_CONVERSION = YES;
				CLANG_WARN_DEPRECATED_OBJC_IMPLEMENTATIONS = YES;
				CLANG_WARN_DIRECT_OBJC_ISA_USAGE = YES_ERROR;
				CLANG_WARN_DOCUMENTATION_COMMENTS = YES;
				CLANG_WARN_EMPTY_BODY = YES;
				CLANG_WARN_ENUM_CONVERSION = YES;
				CLANG_WARN_INFINITE_RECURSION = YES;
				CLANG_WARN_INT_CONVERSION = YES;
				CLANG_WARN_NON_LITERAL_NULL_CONVERSION = YES;
				CLANG_WARN_OBJC_IMPLICIT_RETAIN_SELF = YES;
				CLANG_WARN_OBJC_LITERAL_CONVERSION = YES;
				CLANG_WARN_OBJC_ROOT_CLASS = YES_ERROR;
				CLANG_WARN_QUOTED_INCLUDE_IN_FRAMEWORK_HEADER = YES;
				CLANG_WARN_RANGE_LOOP_ANALYSIS = YES;
				CLANG_WARN_STRICT_PROTOTYPES = YES;
				CLANG_WARN_SUSPICIOUS_MOVE = YES;
				CLANG_WARN_UNGUARDED_AVAILABILITY = YES_AGGRESSIVE;
				CLANG_WARN_UNREACHABLE_CODE = YES;
				CLANG_WARN__DUPLICATE_METHOD_MATCH = YES;
				COPY_PHASE_STRIP = NO;
				DEBUG_INFORMATION_FORMAT = "dwarf-with-dsym";
				ENABLE_NS_ASSERTIONS = NO;
				ENABLE_STRICT_OBJC_MSGSEND = YES;
				ENABLE_USER_SCRIPT_SANDBOXING = YES;
				GCC_C_LANGUAGE_STANDARD = gnu17;
				GCC_NO_COMMON_BLOCKS = YES;
				GCC_WARN_64_TO_32_BIT_CONVERSION = YES;
				GCC_WARN_ABOUT_RETURN_TYPE = YES_ERROR;
				GCC_WARN_UNDECLARED_SELECTOR = YES;
				GCC_WARN_UNINITIALIZED_AUTOS = YES_AGGRESSIVE;
				GCC_WARN_UNUSED_FUNCTION = YES;
				GCC_WARN_UNUSED_VARIABLE = YES;
				IPHONEOS_DEPLOYMENT_TARGET = 17.5;
				LOCALIZATION_PREFERS_STRING_CATALOGS = YES;
				MTL_ENABLE_DEBUG_INFO = NO;
				MTL_FAST_MATH = YES;
				SDKROOT = iphoneos;
				SWIFT_COMPILATION_MODE = wholemodule;
				VALIDATE_PRODUCT = YES;
			};
			name = Release;
		};
		83F0AD432C65668B009F017A /* Debug */ = {
			isa = XCBuildConfiguration;
			buildSettings = {
				ASSETCATALOG_COMPILER_APPICON_NAME = AppIcon;
				ASSETCATALOG_COMPILER_GLOBAL_ACCENT_COLOR_NAME = AccentColor;
				CODE_SIGN_STYLE = Automatic;
				CURRENT_PROJECT_VERSION = 1;
				DEVELOPMENT_TEAM = CM37833CJ9;
				GENERATE_INFOPLIST_FILE = YES;
				INFOPLIST_FILE = "Weather App/Info.plist";
				INFOPLIST_KEY_UIApplicationSupportsIndirectInputEvents = YES;
				INFOPLIST_KEY_UILaunchStoryboardName = LaunchScreen;
				INFOPLIST_KEY_UISupportedInterfaceOrientations_iPad = "UIInterfaceOrientationPortrait UIInterfaceOrientationPortraitUpsideDown UIInterfaceOrientationLandscapeLeft UIInterfaceOrientationLandscapeRight";
				INFOPLIST_KEY_UISupportedInterfaceOrientations_iPhone = "UIInterfaceOrientationPortrait UIInterfaceOrientationLandscapeLeft UIInterfaceOrientationLandscapeRight";
				LD_RUNPATH_SEARCH_PATHS = (
					"$(inherited)",
					"@executable_path/Frameworks",
				);
				MARKETING_VERSION = 1.0;
				PRODUCT_BUNDLE_IDENTIFIER = "com.oshiro.Weather-App";
				PRODUCT_NAME = "$(TARGET_NAME)";
				SWIFT_EMIT_LOC_STRINGS = YES;
				SWIFT_VERSION = 5.0;
				TARGETED_DEVICE_FAMILY = "1,2";
			};
			name = Debug;
		};
		83F0AD442C65668B009F017A /* Release */ = {
			isa = XCBuildConfiguration;
			buildSettings = {
				ASSETCATALOG_COMPILER_APPICON_NAME = AppIcon;
				ASSETCATALOG_COMPILER_GLOBAL_ACCENT_COLOR_NAME = AccentColor;
				CODE_SIGN_STYLE = Automatic;
				CURRENT_PROJECT_VERSION = 1;
				DEVELOPMENT_TEAM = CM37833CJ9;
				GENERATE_INFOPLIST_FILE = YES;
				INFOPLIST_FILE = "Weather App/Info.plist";
				INFOPLIST_KEY_UIApplicationSupportsIndirectInputEvents = YES;
				INFOPLIST_KEY_UILaunchStoryboardName = LaunchScreen;
				INFOPLIST_KEY_UISupportedInterfaceOrientations_iPad = "UIInterfaceOrientationPortrait UIInterfaceOrientationPortraitUpsideDown UIInterfaceOrientationLandscapeLeft UIInterfaceOrientationLandscapeRight";
				INFOPLIST_KEY_UISupportedInterfaceOrientations_iPhone = "UIInterfaceOrientationPortrait UIInterfaceOrientationLandscapeLeft UIInterfaceOrientationLandscapeRight";
				LD_RUNPATH_SEARCH_PATHS = (
					"$(inherited)",
					"@executable_path/Frameworks",
				);
				MARKETING_VERSION = 1.0;
				PRODUCT_BUNDLE_IDENTIFIER = "com.oshiro.Weather-App";
				PRODUCT_NAME = "$(TARGET_NAME)";
				SWIFT_EMIT_LOC_STRINGS = YES;
				SWIFT_VERSION = 5.0;
				TARGETED_DEVICE_FAMILY = "1,2";
			};
			name = Release;
		};
		83F0AD462C65668B009F017A /* Debug */ = {
			isa = XCBuildConfiguration;
			buildSettings = {
				ALWAYS_EMBED_SWIFT_STANDARD_LIBRARIES = YES;
				BUNDLE_LOADER = "$(TEST_HOST)";
				CODE_SIGN_STYLE = Automatic;
				CURRENT_PROJECT_VERSION = 1;
				DEVELOPMENT_TEAM = CM37833CJ9;
				GENERATE_INFOPLIST_FILE = YES;
				IPHONEOS_DEPLOYMENT_TARGET = 17.5;
				MARKETING_VERSION = 1.0;
				PRODUCT_BUNDLE_IDENTIFIER = "com.oshiro.Weather-AppTests";
				PRODUCT_NAME = "$(TARGET_NAME)";
				SWIFT_EMIT_LOC_STRINGS = NO;
				SWIFT_VERSION = 5.0;
				TARGETED_DEVICE_FAMILY = "1,2";
				TEST_HOST = "$(BUILT_PRODUCTS_DIR)/Weather App.app/$(BUNDLE_EXECUTABLE_FOLDER_PATH)/Weather App";
			};
			name = Debug;
		};
		83F0AD472C65668B009F017A /* Release */ = {
			isa = XCBuildConfiguration;
			buildSettings = {
				ALWAYS_EMBED_SWIFT_STANDARD_LIBRARIES = YES;
				BUNDLE_LOADER = "$(TEST_HOST)";
				CODE_SIGN_STYLE = Automatic;
				CURRENT_PROJECT_VERSION = 1;
				DEVELOPMENT_TEAM = CM37833CJ9;
				GENERATE_INFOPLIST_FILE = YES;
				IPHONEOS_DEPLOYMENT_TARGET = 17.5;
				MARKETING_VERSION = 1.0;
				PRODUCT_BUNDLE_IDENTIFIER = "com.oshiro.Weather-AppTests";
				PRODUCT_NAME = "$(TARGET_NAME)";
				SWIFT_EMIT_LOC_STRINGS = NO;
				SWIFT_VERSION = 5.0;
				TARGETED_DEVICE_FAMILY = "1,2";
				TEST_HOST = "$(BUILT_PRODUCTS_DIR)/Weather App.app/$(BUNDLE_EXECUTABLE_FOLDER_PATH)/Weather App";
			};
			name = Release;
		};
		83F0AD492C65668B009F017A /* Debug */ = {
			isa = XCBuildConfiguration;
			buildSettings = {
				ALWAYS_EMBED_SWIFT_STANDARD_LIBRARIES = YES;
				CODE_SIGN_STYLE = Automatic;
				CURRENT_PROJECT_VERSION = 1;
				DEVELOPMENT_TEAM = CM37833CJ9;
				GENERATE_INFOPLIST_FILE = YES;
				MARKETING_VERSION = 1.0;
				PRODUCT_BUNDLE_IDENTIFIER = "com.oshiro.Weather-AppUITests";
				PRODUCT_NAME = "$(TARGET_NAME)";
				SWIFT_EMIT_LOC_STRINGS = NO;
				SWIFT_VERSION = 5.0;
				TARGETED_DEVICE_FAMILY = "1,2";
				TEST_TARGET_NAME = "Weather App";
			};
			name = Debug;
		};
		83F0AD4A2C65668B009F017A /* Release */ = {
			isa = XCBuildConfiguration;
			buildSettings = {
				ALWAYS_EMBED_SWIFT_STANDARD_LIBRARIES = YES;
				CODE_SIGN_STYLE = Automatic;
				CURRENT_PROJECT_VERSION = 1;
				DEVELOPMENT_TEAM = CM37833CJ9;
				GENERATE_INFOPLIST_FILE = YES;
				MARKETING_VERSION = 1.0;
				PRODUCT_BUNDLE_IDENTIFIER = "com.oshiro.Weather-AppUITests";
				PRODUCT_NAME = "$(TARGET_NAME)";
				SWIFT_EMIT_LOC_STRINGS = NO;
				SWIFT_VERSION = 5.0;
				TARGETED_DEVICE_FAMILY = "1,2";
				TEST_TARGET_NAME = "Weather App";
			};
			name = Release;
		};
/* End XCBuildConfiguration section */

/* Begin XCConfigurationList section */
		83F0AD132C656682009F017A /* Build configuration list for PBXProject "Weather App" */ = {
			isa = XCConfigurationList;
			buildConfigurations = (
				83F0AD402C65668B009F017A /* Debug */,
				83F0AD412C65668B009F017A /* Release */,
			);
			defaultConfigurationIsVisible = 0;
			defaultConfigurationName = Release;
		};
		83F0AD422C65668B009F017A /* Build configuration list for PBXNativeTarget "Weather App" */ = {
			isa = XCConfigurationList;
			buildConfigurations = (
				83F0AD432C65668B009F017A /* Debug */,
				83F0AD442C65668B009F017A /* Release */,
			);
			defaultConfigurationIsVisible = 0;
			defaultConfigurationName = Release;
		};
		83F0AD452C65668B009F017A /* Build configuration list for PBXNativeTarget "Weather AppTests" */ = {
			isa = XCConfigurationList;
			buildConfigurations = (
				83F0AD462C65668B009F017A /* Debug */,
				83F0AD472C65668B009F017A /* Release */,
			);
			defaultConfigurationIsVisible = 0;
			defaultConfigurationName = Release;
		};
		83F0AD482C65668B009F017A /* Build configuration list for PBXNativeTarget "Weather AppUITests" */ = {
			isa = XCConfigurationList;
			buildConfigurations = (
				83F0AD492C65668B009F017A /* Debug */,
				83F0AD4A2C65668B009F017A /* Release */,
			);
			defaultConfigurationIsVisible = 0;
			defaultConfigurationName = Release;
		};
/* End XCConfigurationList section */
	};
	rootObject = 83F0AD102C656682009F017A /* Project object */;
}
